hash: 6c5b660c339dcb5039289685d916be7615115230e57037a6e6efc113fd1812e8
updated: 2017-02-19T23:59:53.609439178+02:00
imports:
- name: github.com/astaxie/beego
  version: 1d49a4bcbd3a9df2eaffefc42843a383c5c1251d
  subpackages:
  - config
  - context
  - grace
  - logs
  - plugins/auth
  - plugins/cors
  - session
  - toolbox
  - utils
- name: github.com/dgrijalva/jwt-go
  version: 2268707a8f0843315e2004ee4f1d021dc08baedf
- name: github.com/fsnotify/fsnotify
  version: a904159b9206978bb6d53fcc7a769e5cd726c737
- name: github.com/gtforge/beego-assets
  version: e85b874c4b0bc63afd7be60796a638347a52dba2
- name: github.com/gtforge/services_common_go
  version: 1c23a2b16b40fbd2d1d5ae479608551ed0f1a069
  subpackages:
  - gett-alive
  - gett-auth
  - gett-auth/postgres-session
  - gett-config
  - gett-env
  - gett-ops
  - gett-ops/gett-beego
  - gett-ops/gett-beego/controllers
  - gett-storages
  - gett-ui
  - gett-utils
  - gett-utils/gett-migrations
- name: github.com/hashicorp/hcl
  version: 630949a3c5fa3c613328e1b8256052cbc2327c9b
  subpackages:
  - hcl/ast
  - hcl/parser
  - hcl/scanner
  - hcl/strconv
  - hcl/token
  - json/parser
  - json/scanner
  - json/token
- name: github.com/jinzhu/gorm
  version: 5050a58b457286dbda1844991866a86a434636ab
- name: github.com/jinzhu/inflection
  version: 1c35d901db3da928c72a72d8458480cc9ade058f
- name: github.com/lib/pq
  version: ba5d4f7a35561e22fbdf7a39aa0070f4d460cfc0
  subpackages:
  - oid
- name: github.com/magiconair/properties
  version: b3b15ef068fd0b17ddf408a23669f20811d194d2
- name: github.com/mitchellh/mapstructure
  version: db1efb556f84b25a0a13a04aad883943538ad2e0
- name: github.com/newrelic/go-agent
  version: 7c6c920d222b18632f03b12c3b594df816eab6d0
  subpackages:
  - internal
  - internal/jsonx
  - internal/logger
  - internal/sysinfo
  - internal/utilization
- name: github.com/pelletier/go-buffruneio
  version: df1e16fde7fc330a0ca68167c23bf7ed6ac31d6d
- name: github.com/pelletier/go-toml
  version: 22139eb5469018e7374b3e7ef653de37ffb44f72
- name: github.com/sergeylanzman/newrelic_beego
  version: 64b375d096a6479ad8a0e41402c3f68cfb31d2d3
- name: github.com/Sirupsen/logrus
  version: 7f4b1adc791766938c29457bed0703fb9134421a
- name: github.com/spf13/afero
  version: 9be650865eab0c12963d8753212f4f9c66cdcf12
  subpackages:
  - mem
- name: github.com/spf13/cast
  version: d1139bab1c07d5ad390a65e7305876b3c1a8370b
- name: github.com/spf13/jwalterweatherman
  version: fa7ca7e836cf3a8bb4ebf799f472c12d7e903d66
- name: github.com/spf13/pflag
  version: 9ff6c6923cfffbcd502984b8e0c80539a94968b7
- name: github.com/spf13/viper
  version: 7538d73b4eb9511d85a9f1dfef202eeb8ac260f4
- name: github.com/tdewolff/buffer
  version: df6253e2a2cda5aba1b5d0c59fc5bdf0a98ae192
- name: github.com/tdewolff/minify
  version: c764d19c8021740f5fbfd18f059a0984416bff6d
  subpackages:
  - css
  - js
- name: github.com/tdewolff/parse
  version: bfd5d0c4629d16277937ab2b0d5b570ba363bbdc
  subpackages:
  - css
  - js
- name: github.com/tdewolff/strconv
  version: 3e8091f4417ebaaa3910da63a45ea394ebbfb0e3
- name: github.com/tylerb/gls
  version: e606233f194d6c314156dc6a35f21a42a470c6f6
- name: golang.org/x/crypto
  version: 453249f01cfeb54c3d549ddb75ff152ca243f9d8
  subpackages:
  - bcrypt
  - blowfish
- name: golang.org/x/sys
  version: 075e574b89e4c2d22f2286a7e2b919519c6f3547
  subpackages:
  - unix
- name: golang.org/x/text
  version: 85c29909967d7f171f821e7a42e7b7af76fb9598
  subpackages:
  - transform
  - unicode/norm
- name: gopkg.in/airbrake/gobrake.v2
  version: 668876711219e8b0206e2994bf0a59d889c775aa
- name: gopkg.in/gemnasium/logrus-airbrake-hook.v2
  version: bfee1239d796830ca346767650cce5ba90d58c57
- name: gopkg.in/redis.v5
  version: 135cb12c7689ffe92338baf677a1e0d2086144dc
  subpackages:
  - internal
  - internal/consistenthash
  - internal/hashtag
  - internal/pool
  - internal/proto
- name: gopkg.in/yaml.v2
  version: a3f3340b5840cee44f372bddb5880fcbc419b46a
testImports:
- name: github.com/gopherjs/gopherjs
  version: b9bcb1da229a59cc1e1d168401662cb6450aae08
  subpackages:
  - js
- name: github.com/jtolds/gls
  version: bb0351aa7eb6f322f32667d51375f26a2bca6628
- name: github.com/smartystreets/assertions
  version: c9ee7d9e9a2aeec0bee7c4a516f3e0ad7cb7e558
  subpackages:
  - internal/go-render/render
  - internal/oglematchers
- name: github.com/smartystreets/goconvey
  version: 3bd662eac601ad6436e64776af2e112069eb2edc
  subpackages:
  - convey
  - convey/gotest
  - convey/reporting
